// !$*UTF8*$!
{
	archiveVersion = 1;
	classes = {
	};
	objectVersion = 46;
	objects = {

/* Begin PBXBuildFile section */
		C9D42C91160749A9009EFFC9 /* UIKit.framework in Frameworks */ = {isa = PBXBuildFile; fileRef = C9D42C90160749A9009EFFC9 /* UIKit.framework */; };
		C9D42C93160749A9009EFFC9 /* Foundation.framework in Frameworks */ = {isa = PBXBuildFile; fileRef = C9D42C92160749A9009EFFC9 /* Foundation.framework */; };
		C9D42C95160749A9009EFFC9 /* CoreGraphics.framework in Frameworks */ = {isa = PBXBuildFile; fileRef = C9D42C94160749A9009EFFC9 /* CoreGraphics.framework */; };
		C9D42C9B160749A9009EFFC9 /* InfoPlist.strings in Resources */ = {isa = PBXBuildFile; fileRef = C9D42C99160749A9009EFFC9 /* InfoPlist.strings */; };
		C9D42C9D160749A9009EFFC9 /* main.m in Sources */ = {isa = PBXBuildFile; fileRef = C9D42C9C160749A9009EFFC9 /* main.m */; };
		C9D42CA1160749A9009EFFC9 /* AppDelegate.m in Sources */ = {isa = PBXBuildFile; fileRef = C9D42CA0160749A9009EFFC9 /* AppDelegate.m */; };
		C9D42CA4160749A9009EFFC9 /* MasterViewController.m in Sources */ = {isa = PBXBuildFile; fileRef = C9D42CA3160749A9009EFFC9 /* MasterViewController.m */; };
		C9D42CA7160749A9009EFFC9 /* DetailViewController.m in Sources */ = {isa = PBXBuildFile; fileRef = C9D42CA6160749A9009EFFC9 /* DetailViewController.m */; };
		C9D42CAA160749A9009EFFC9 /* MasterViewController.xib in Resources */ = {isa = PBXBuildFile; fileRef = C9D42CA8160749A9009EFFC9 /* MasterViewController.xib */; };
		C9D42CAD160749A9009EFFC9 /* DetailViewController.xib in Resources */ = {isa = PBXBuildFile; fileRef = C9D42CAB160749A9009EFFC9 /* DetailViewController.xib */; };
		C9D42CB916074ABD009EFFC9 /* IAPHelper.m in Sources */ = {isa = PBXBuildFile; fileRef = C9D42CB816074ABD009EFFC9 /* IAPHelper.m */; };
		C9D42CBC16074B2F009EFFC9 /* InMyAppIAPHelper.m in Sources */ = {isa = PBXBuildFile; fileRef = C9D42CBB16074B2F009EFFC9 /* InMyAppIAPHelper.m */; };
		C9D42CBE16074BFE009EFFC9 /* StoreKit.framework in Frameworks */ = {isa = PBXBuildFile; fileRef = C9D42CBD16074BFE009EFFC9 /* StoreKit.framework */; };
		C9D42CC316074CD1009EFFC9 /* MBProgressHUD.m in Sources */ = {isa = PBXBuildFile; fileRef = C9D42CC016074CD1009EFFC9 /* MBProgressHUD.m */; };
		C9D42CC416074CD1009EFFC9 /* Reachability.m in Sources */ = {isa = PBXBuildFile; fileRef = C9D42CC216074CD1009EFFC9 /* Reachability.m */; };
		C9D42CC616074D08009EFFC9 /* SystemConfiguration.framework in Frameworks */ = {isa = PBXBuildFile; fileRef = C9D42CC516074D08009EFFC9 /* SystemConfiguration.framework */; };
/* End PBXBuildFile section */

/* Begin PBXFileReference section */
		C9D42C8C160749A9009EFFC9 /* InAppRage.app */ = {isa = PBXFileReference; explicitFileType = wrapper.application; includeInIndex = 0; path = InAppRage.app; sourceTree = BUILT_PRODUCTS_DIR; };
		C9D42C90160749A9009EFFC9 /* UIKit.framework */ = {isa = PBXFileReference; lastKnownFileType = wrapper.framework; name = UIKit.framework; path = System/Library/Frameworks/UIKit.framework; sourceTree = SDKROOT; };
		C9D42C92160749A9009EFFC9 /* Foundation.framework */ = {isa = PBXFileReference; lastKnownFileType = wrapper.framework; name = Foundation.framework; path = System/Library/Frameworks/Foundation.framework; sourceTree = SDKROOT; };
		C9D42C94160749A9009EFFC9 /* CoreGraphics.framework */ = {isa = PBXFileReference; lastKnownFileType = wrapper.framework; name = CoreGraphics.framework; path = System/Library/Frameworks/CoreGraphics.framework; sourceTree = SDKROOT; };
		C9D42C98160749A9009EFFC9 /* InAppRage-Info.plist */ = {isa = PBXFileReference; lastKnownFileType = text.plist.xml; path = "InAppRage-Info.plist"; sourceTree = "<group>"; };
		C9D42C9A160749A9009EFFC9 /* en */ = {isa = PBXFileReference; lastKnownFileType = text.plist.strings; name = en; path = en.lproj/InfoPlist.strings; sourceTree = "<group>"; };
		C9D42C9C160749A9009EFFC9 /* main.m */ = {isa = PBXFileReference; lastKnownFileType = sourcecode.c.objc; path = main.m; sourceTree = "<group>"; };
		C9D42C9E160749A9009EFFC9 /* InAppRage-Prefix.pch */ = {isa = PBXFileReference; lastKnownFileType = sourcecode.c.h; path = "InAppRage-Prefix.pch"; sourceTree = "<group>"; };
		C9D42C9F160749A9009EFFC9 /* AppDelegate.h */ = {isa = PBXFileReference; lastKnownFileType = sourcecode.c.h; path = AppDelegate.h; sourceTree = "<group>"; };
		C9D42CA0160749A9009EFFC9 /* AppDelegate.m */ = {isa = PBXFileReference; lastKnownFileType = sourcecode.c.objc; path = AppDelegate.m; sourceTree = "<group>"; };
		C9D42CA2160749A9009EFFC9 /* MasterViewController.h */ = {isa = PBXFileReference; lastKnownFileType = sourcecode.c.h; path = MasterViewController.h; sourceTree = "<group>"; };
		C9D42CA3160749A9009EFFC9 /* MasterViewController.m */ = {isa = PBXFileReference; lastKnownFileType = sourcecode.c.objc; path = MasterViewController.m; sourceTree = "<group>"; };
		C9D42CA5160749A9009EFFC9 /* DetailViewController.h */ = {isa = PBXFileReference; lastKnownFileType = sourcecode.c.h; path = DetailViewController.h; sourceTree = "<group>"; };
		C9D42CA6160749A9009EFFC9 /* DetailViewController.m */ = {isa = PBXFileReference; lastKnownFileType = sourcecode.c.objc; path = DetailViewController.m; sourceTree = "<group>"; };
		C9D42CA9160749A9009EFFC9 /* en */ = {isa = PBXFileReference; lastKnownFileType = file.xib; name = en; path = en.lproj/MasterViewController.xib; sourceTree = "<group>"; };
		C9D42CAC160749A9009EFFC9 /* en */ = {isa = PBXFileReference; lastKnownFileType = file.xib; name = en; path = en.lproj/DetailViewController.xib; sourceTree = "<group>"; };
		C9D42CB716074ABD009EFFC9 /* IAPHelper.h */ = {isa = PBXFileReference; fileEncoding = 4; lastKnownFileType = sourcecode.c.h; name = IAPHelper.h; path = BuyHelper/IAPHelper.h; sourceTree = "<group>"; };
		C9D42CB816074ABD009EFFC9 /* IAPHelper.m */ = {isa = PBXFileReference; fileEncoding = 4; lastKnownFileType = sourcecode.c.objc; name = IAPHelper.m; path = BuyHelper/IAPHelper.m; sourceTree = "<group>"; };
		C9D42CBA16074B2F009EFFC9 /* InMyAppIAPHelper.h */ = {isa = PBXFileReference; fileEncoding = 4; lastKnownFileType = sourcecode.c.h; name = InMyAppIAPHelper.h; path = BuyHelper/InMyAppIAPHelper.h; sourceTree = "<group>"; };
		C9D42CBB16074B2F009EFFC9 /* InMyAppIAPHelper.m */ = {isa = PBXFileReference; fileEncoding = 4; lastKnownFileType = sourcecode.c.objc; name = InMyAppIAPHelper.m; path = BuyHelper/InMyAppIAPHelper.m; sourceTree = "<group>"; };
		C9D42CBD16074BFE009EFFC9 /* StoreKit.framework */ = {isa = PBXFileReference; lastKnownFileType = wrapper.framework; name = StoreKit.framework; path = System/Library/Frameworks/StoreKit.framework; sourceTree = SDKROOT; };
		C9D42CBF16074CD1009EFFC9 /* MBProgressHUD.h */ = {isa = PBXFileReference; fileEncoding = 4; lastKnownFileType = sourcecode.c.h; path = MBProgressHUD.h; sourceTree = "<group>"; };
		C9D42CC016074CD1009EFFC9 /* MBProgressHUD.m */ = {isa = PBXFileReference; fileEncoding = 4; lastKnownFileType = sourcecode.c.objc; path = MBProgressHUD.m; sourceTree = "<group>"; };
		C9D42CC116074CD1009EFFC9 /* Reachability.h */ = {isa = PBXFileReference; fileEncoding = 4; lastKnownFileType = sourcecode.c.h; path = Reachability.h; sourceTree = "<group>"; };
		C9D42CC216074CD1009EFFC9 /* Reachability.m */ = {isa = PBXFileReference; fileEncoding = 4; lastKnownFileType = sourcecode.c.objc; path = Reachability.m; sourceTree = "<group>"; };
		C9D42CC516074D08009EFFC9 /* SystemConfiguration.framework */ = {isa = PBXFileReference; lastKnownFileType = wrapper.framework; name = SystemConfiguration.framework; path = System/Library/Frameworks/SystemConfiguration.framework; sourceTree = SDKROOT; };
/* End PBXFileReference section */

/* Begin PBXFrameworksBuildPhase section */
		C9D42C89160749A9009EFFC9 /* Frameworks */ = {
			isa = PBXFrameworksBuildPhase;
			buildActionMask = 2147483647;
			files = (
				C9D42CC616074D08009EFFC9 /* SystemConfiguration.framework in Frameworks */,
				C9D42CBE16074BFE009EFFC9 /* StoreKit.framework in Frameworks */,
				C9D42C91160749A9009EFFC9 /* UIKit.framework in Frameworks */,
				C9D42C93160749A9009EFFC9 /* Foundation.framework in Frameworks */,
				C9D42C95160749A9009EFFC9 /* CoreGraphics.framework in Frameworks */,
			);
			runOnlyForDeploymentPostprocessing = 0;
		};
/* End PBXFrameworksBuildPhase section */

/* Begin PBXGroup section */
		C9D42C81160749A9009EFFC9 = {
			isa = PBXGroup;
			children = (
				C9D42CC516074D08009EFFC9 /* SystemConfiguration.framework */,
				C9D42CBD16074BFE009EFFC9 /* StoreKit.framework */,
				C9D42C96160749A9009EFFC9 /* InAppRage */,
				C9D42C8F160749A9009EFFC9 /* Frameworks */,
				C9D42C8D160749A9009EFFC9 /* Products */,
			);
			sourceTree = "<group>";
		};
		C9D42C8D160749A9009EFFC9 /* Products */ = {
			isa = PBXGroup;
			children = (
				C9D42C8C160749A9009EFFC9 /* InAppRage.app */,
			);
			name = Products;
			sourceTree = "<group>";
		};
		C9D42C8F160749A9009EFFC9 /* Frameworks */ = {
			isa = PBXGroup;
			children = (
				C9D42C90160749A9009EFFC9 /* UIKit.framework */,
				C9D42C92160749A9009EFFC9 /* Foundation.framework */,
				C9D42C94160749A9009EFFC9 /* CoreGraphics.framework */,
			);
			name = Frameworks;
			sourceTree = "<group>";
		};
		C9D42C96160749A9009EFFC9 /* InAppRage */ = {
			isa = PBXGroup;
			children = (
				C9D42CB616074A84009EFFC9 /* Buy */,
				C9D42C9F160749A9009EFFC9 /* AppDelegate.h */,
				C9D42CA0160749A9009EFFC9 /* AppDelegate.m */,
				C9D42CA2160749A9009EFFC9 /* MasterViewController.h */,
				C9D42CA3160749A9009EFFC9 /* MasterViewController.m */,
				C9D42CA5160749A9009EFFC9 /* DetailViewController.h */,
				C9D42CA6160749A9009EFFC9 /* DetailViewController.m */,
				C9D42CA8160749A9009EFFC9 /* MasterViewController.xib */,
				C9D42CAB160749A9009EFFC9 /* DetailViewController.xib */,
				C9D42C97160749A9009EFFC9 /* Supporting Files */,
			);
			path = InAppRage;
			sourceTree = "<group>";
		};
		C9D42C97160749A9009EFFC9 /* Supporting Files */ = {
			isa = PBXGroup;
			children = (
				C9D42C98160749A9009EFFC9 /* InAppRage-Info.plist */,
				C9D42C99160749A9009EFFC9 /* InfoPlist.strings */,
				C9D42C9C160749A9009EFFC9 /* main.m */,
				C9D42C9E160749A9009EFFC9 /* InAppRage-Prefix.pch */,
			);
			name = "Supporting Files";
			sourceTree = "<group>";
		};
		C9D42CB616074A84009EFFC9 /* Buy */ = {
			isa = PBXGroup;
			children = (
				C9D42CC716074F82009EFFC9 /* Resource */,
				C9D42CBF16074CD1009EFFC9 /* MBProgressHUD.h */,
				C9D42CC016074CD1009EFFC9 /* MBProgressHUD.m */,
				C9D42CC116074CD1009EFFC9 /* Reachability.h */,
				C9D42CC216074CD1009EFFC9 /* Reachability.m */,
				C9D42CB716074ABD009EFFC9 /* IAPHelper.h */,
				C9D42CB816074ABD009EFFC9 /* IAPHelper.m */,
				C9D42CBA16074B2F009EFFC9 /* InMyAppIAPHelper.h */,
				C9D42CBB16074B2F009EFFC9 /* InMyAppIAPHelper.m */,
			);
			name = "\U0010Buy";
			sourceTree = "<group>";
		};
		C9D42CC716074F82009EFFC9 /* Resource */ = {
			isa = PBXGroup;
			children = (
			);
			name = Resource;
			sourceTree = "<group>";
		};
/* End PBXGroup section */

/* Begin PBXNativeTarget section */
		C9D42C8B160749A9009EFFC9 /* InAppRage */ = {
			isa = PBXNativeTarget;
			buildConfigurationList = C9D42CB0160749A9009EFFC9 /* Build configuration list for PBXNativeTarget "InAppRage" */;
			buildPhases = (
				C9D42C88160749A9009EFFC9 /* Sources */,
				C9D42C89160749A9009EFFC9 /* Frameworks */,
				C9D42C8A160749A9009EFFC9 /* Resources */,
			);
			buildRules = (
			);
			dependencies = (
			);
			name = InAppRage;
			productName = InAppRage;
			productReference = C9D42C8C160749A9009EFFC9 /* InAppRage.app */;
			productType = "com.apple.product-type.application";
		};
/* End PBXNativeTarget section */

/* Begin PBXProject section */
		C9D42C83160749A9009EFFC9 /* Project object */ = {
			isa = PBXProject;
			attributes = {
				LastUpgradeCheck = 0430;
				ORGANIZATIONNAME = "Beijing Interaction Times Network Technology Co.,Ltd.";
			};
			buildConfigurationList = C9D42C86160749A9009EFFC9 /* Build configuration list for PBXProject "InAppRage" */;
			compatibilityVersion = "Xcode 3.2";
			developmentRegion = English;
			hasScannedForEncodings = 0;
			knownRegions = (
				en,
			);
			mainGroup = C9D42C81160749A9009EFFC9;
			productRefGroup = C9D42C8D160749A9009EFFC9 /* Products */;
			projectDirPath = "";
			projectRoot = "";
			targets = (
				C9D42C8B160749A9009EFFC9 /* InAppRage */,
			);
		};
/* End PBXProject section */

/* Begin PBXResourcesBuildPhase section */
		C9D42C8A160749A9009EFFC9 /* Resources */ = {
			isa = PBXResourcesBuildPhase;
			buildActionMask = 2147483647;
			files = (
				C9D42C9B160749A9009EFFC9 /* InfoPlist.strings in Resources */,
				C9D42CAA160749A9009EFFC9 /* MasterViewController.xib in Resources */,
				C9D42CAD160749A9009EFFC9 /* DetailViewController.xib in Resources */,
			);
			runOnlyForDeploymentPostprocessing = 0;
		};
/* End PBXResourcesBuildPhase section */

/* Begin PBXSourcesBuildPhase section */
		C9D42C88160749A9009EFFC9 /* Sources */ = {
			isa = PBXSourcesBuildPhase;
			buildActionMask = 2147483647;
			files = (
				C9D42C9D160749A9009EFFC9 /* main.m in Sources */,
				C9D42CA1160749A9009EFFC9 /* AppDelegate.m in Sources */,
				C9D42CA4160749A9009EFFC9 /* MasterViewController.m in Sources */,
				C9D42CA7160749A9009EFFC9 /* DetailViewController.m in Sources */,
				C9D42CB916074ABD009EFFC9 /* IAPHelper.m in Sources */,
				C9D42CBC16074B2F009EFFC9 /* InMyAppIAPHelper.m in Sources */,
				C9D42CC316074CD1009EFFC9 /* MBProgressHUD.m in Sources */,
				C9D42CC416074CD1009EFFC9 /* Reachability.m in Sources */,
			);
			runOnlyForDeploymentPostprocessing = 0;
		};
/* End PBXSourcesBuildPhase section */

/* Begin PBXVariantGroup section */
		C9D42C99160749A9009EFFC9 /* InfoPlist.strings */ = {
			isa = PBXVariantGroup;
			children = (
				C9D42C9A160749A9009EFFC9 /* en */,
			);
			name = InfoPlist.strings;
			sourceTree = "<group>";
		};
		C9D42CA8160749A9009EFFC9 /* MasterViewController.xib */ = {
			isa = PBXVariantGroup;
			children = (
				C9D42CA9160749A9009EFFC9 /* en */,
			);
			name = MasterViewController.xib;
			sourceTree = "<group>";
		};
		C9D42CAB160749A9009EFFC9 /* DetailViewController.xib */ = {
			isa = PBXVariantGroup;
			children = (
				C9D42CAC160749A9009EFFC9 /* en */,
			);
			name = DetailViewController.xib;
			sourceTree = "<group>";
		};
/* End PBXVariantGroup section */

/* Begin XCBuildConfiguration section */
		C9D42CAE160749A9009EFFC9 /* Debug */ = {
			isa = XCBuildConfiguration;
			buildSettings = {
				ALWAYS_SEARCH_USER_PATHS = NO;
				ARCHS = "$(ARCHS_STANDARD_32_BIT)";
				"CODE_SIGN_IDENTITY[sdk=iphoneos*]" = "iPhone Developer";
				COPY_PHASE_STRIP = NO;
				GCC_C_LANGUAGE_STANDARD = gnu99;
				GCC_DYNAMIC_NO_PIC = NO;
				GCC_OPTIMIZATION_LEVEL = 0;
				GCC_PREPROCESSOR_DEFINITIONS = (
					"DEBUG=1",
					"$(inherited)",
				);
				GCC_SYMBOLS_PRIVATE_EXTERN = NO;
				GCC_VERSION = com.apple.compilers.llvm.clang.1_0;
				GCC_WARN_ABOUT_RETURN_TYPE = YES;
				GCC_WARN_UNINITIALIZED_AUTOS = YES;
				GCC_WARN_UNUSED_VARIABLE = YES;
				IPHONEOS_DEPLOYMENT_TARGET = 5.1;
				SDKROOT = iphoneos;
			};
			name = Debug;
		};
		C9D42CAF160749A9009EFFC9 /* Release */ = {
			isa = XCBuildConfiguration;
			buildSettings = {
				ALWAYS_SEARCH_USER_PATHS = NO;
				ARCHS = "$(ARCHS_STANDARD_32_BIT)";
				"CODE_SIGN_IDENTITY[sdk=iphoneos*]" = "iPhone Developer";
				COPY_PHASE_STRIP = YES;
				GCC_C_LANGUAGE_STANDARD = gnu99;
				GCC_VERSION = com.apple.compilers.llvm.clang.1_0;
				GCC_WARN_ABOUT_RETURN_TYPE = YES;
				GCC_WARN_UNINITIALIZED_AUTOS = YES;
				GCC_WARN_UNUSED_VARIABLE = YES;
				IPHONEOS_DEPLOYMENT_TARGET = 5.1;
				OTHER_CFLAGS = "-DNS_BLOCK_ASSERTIONS=1";
				SDKROOT = iphoneos;
				VALIDATE_PRODUCT = YES;
			};
			name = Release;
		};
		C9D42CB1160749A9009EFFC9 /* Debug */ = {
			isa = XCBuildConfiguration;
			buildSettings = {
				GCC_PRECOMPILE_PREFIX_HEADER = YES;
				GCC_PREFIX_HEADER = "InAppRage/InAppRage-Prefix.pch";
				INFOPLIST_FILE = "InAppRage/InAppRage-Info.plist";
				IPHONEOS_DEPLOYMENT_TARGET = 4.3;
				PRODUCT_NAME = "$(TARGET_NAME)";
				WRAPPER_EXTENSION = app;
			};
			name = Debug;
		};
		C9D42CB2160749A9009EFFC9 /* Release */ = {
			isa = XCBuildConfiguration;
			buildSettings = {
				GCC_PRECOMPILE_PREFIX_HEADER = YES;
				GCC_PREFIX_HEADER = "InAppRage/InAppRage-Prefix.pch";
				INFOPLIST_FILE = "InAppRage/InAppRage-Info.plist";
				IPHONEOS_DEPLOYMENT_TARGET = 4.3;
				PRODUCT_NAME = "$(TARGET_NAME)";
				WRAPPER_EXTENSION = app;
			};
			name = Release;
		};
/* End XCBuildConfiguration section */

/* Begin XCConfigurationList section */
		C9D42C86160749A9009EFFC9 /* Build configuration list for PBXProject "InAppRage" */ = {
			isa = XCConfigurationList;
			buildConfigurations = (
				C9D42CAE160749A9009EFFC9 /* Debug */,
				C9D42CAF160749A9009EFFC9 /* Release */,
			);
			defaultConfigurationIsVisible = 0;
			defaultConfigurationName = Release;
		};
		C9D42CB0160749A9009EFFC9 /* Build configuration list for PBXNativeTarget "InAppRage" */ = {
			isa = XCConfigurationList;
			buildConfigurations = (
				C9D42CB1160749A9009EFFC9 /* Debug */,
				C9D42CB2160749A9009EFFC9 /* Release */,
			);
			defaultConfigurationIsVisible = 0;
		};
/* End XCConfigurationList section */
	};
	rootObject = C9D42C83160749A9009EFFC9 /* Project object */;
}
